
Microsoft Visual Studio Solution File, Format Version 12.00
# Visual Studio 15
VisualStudioVersion = 15.0.27130.2036
MinimumVisualStudioVersion = 10.0.40219.1
Project("{2150E333-8FDC-42A3-9474-1A3956D46DE8}") = "Solution Items", "Solution Items", "{C87FDCC7-E171-4347-A323-82FB87BC52FA}"
	ProjectSection(SolutionItems) = preProject
		README.md = README.md
	EndProjectSection
EndProject
Project("{8BC9CEB8-8B4A-11D0-8D11-00A0C91BC942}") = "WICLL", "WICLL\WICLL.vcxproj", "{4C277D84-FBDA-44F5-BCCD-BDA9698F2668}"
EndProject
Global
	GlobalSection(SolutionConfigurationPlatforms) = preSolution
		Debug|x64 = Debug|x64
		Debug|x86 = Debug|x86
		Release|x64 = Release|x64
		Release|x86 = Release|x86
	EndGlobalSection
	GlobalSection(ProjectConfigurationPlatforms) = postSolution
		{4C277D84-FBDA-44F5-BCCD-BDA9698F2668}.Debug|x64.ActiveCfg = Debug|x64
		{4C277D84-FBDA-44F5-BCCD-BDA9698F2668}.Debug|x64.Build.0 = Debug|x64
		{4C277D84-FBDA-44F5-BCCD-BDA9698F2668}.Debug|x86.ActiveCfg = Debug|Win32
		{4C277D84-FBDA-44F5-BCCD-BDA9698F2668}.Debug|x86.Build.0 = Debug|Win32
		{4C277D84-FBDA-44F5-BCCD-BDA9698F2668}.Release|x64.ActiveCfg = Release|x64
		{4C277D84-FBDA-44F5-BCCD-BDA9698F2668}.Release|x64.Build.0 = Release|x64
		{4C277D84-FBDA-44F5-BCCD-BDA9698F2668}.Release|x86.ActiveCfg = Release|Win32
		{4C277D84-FBDA-44F5-BCCD-BDA9698F2668}.Release|x86.Build.0 = Release|Win32
	EndGlobalSection
	GlobalSection(SolutionProperties) = preSolution
		HideSolutionNode = FALSE
	EndGlobalSection
	GlobalSection(ExtensibilityGlobals) = postSolution
		SolutionGuid = {0368C20E-DD74-45D2-81B1-7C925CB2C9B6}
	EndGlobalSection
EndGlobal
