
Microsoft Visual Studio Solution File, Format Version 12.00
# Visual Studio 15
VisualStudioVersion = 15.0.27130.2027
MinimumVisualStudioVersion = 10.0.40219.1
Project("{8BC9CEB8-8B4A-11D0-8D11-00A0C91BC942}") = "WICLL", "WICLL\WICLL.vcxproj", "{27DEEA39-C8F7-45FF-8572-4B0D163D680B}"
EndProject
Project("{2150E333-8FDC-42A3-9474-1A3956D46DE8}") = "Solution Items", "Solution Items", "{FB2E72BD-A53A-477B-B6EB-E80F3806F3FC}"
	ProjectSection(SolutionItems) = preProject
		README.md = README.md
	EndProjectSection
EndProject
Global
	GlobalSection(SolutionConfigurationPlatforms) = preSolution
		Debug|x64 = Debug|x64
		Debug|x86 = Debug|x86
		Release|x64 = Release|x64
		Release|x86 = Release|x86
	EndGlobalSection
	GlobalSection(ProjectConfigurationPlatforms) = postSolution
		{27DEEA39-C8F7-45FF-8572-4B0D163D680B}.Debug|x64.ActiveCfg = Debug|x64
		{27DEEA39-C8F7-45FF-8572-4B0D163D680B}.Debug|x64.Build.0 = Debug|x64
		{27DEEA39-C8F7-45FF-8572-4B0D163D680B}.Debug|x86.ActiveCfg = Debug|Win32
		{27DEEA39-C8F7-45FF-8572-4B0D163D680B}.Debug|x86.Build.0 = Debug|Win32
		{27DEEA39-C8F7-45FF-8572-4B0D163D680B}.Release|x64.ActiveCfg = Release|x64
		{27DEEA39-C8F7-45FF-8572-4B0D163D680B}.Release|x64.Build.0 = Release|x64
		{27DEEA39-C8F7-45FF-8572-4B0D163D680B}.Release|x86.ActiveCfg = Release|Win32
		{27DEEA39-C8F7-45FF-8572-4B0D163D680B}.Release|x86.Build.0 = Release|Win32
	EndGlobalSection
	GlobalSection(SolutionProperties) = preSolution
		HideSolutionNode = FALSE
	EndGlobalSection
	GlobalSection(ExtensibilityGlobals) = postSolution
		SolutionGuid = {859CCA7D-C2C9-4BB2-BEAD-D609C7D6B723}
	EndGlobalSection
EndGlobal
